
Microsoft Visual Studio Solution File, Format Version 12.00
# Visual Studio Version 16
VisualStudioVersion = 16.0.29613.14
MinimumVisualStudioVersion = 10.0.40219.1
Project("{9A19103F-16F7-4668-BE54-9A1E7A4F7556}") = "H.Containers.Process.Application", "H.Containers.Process.Application\H.Containers.Process.Application.csproj", "{018917DA-7D44-4134-B875-A72E3E152DA1}"
EndProject
Project("{9A19103F-16F7-4668-BE54-9A1E7A4F7556}") = "H.Containers.Process", "H.Containers.Process\H.Containers.Process.csproj", "{59525028-A3B1-455D-8C86-AD7D17662EE9}"
	ProjectSection(ProjectDependencies) = postProject
		{018917DA-7D44-4134-B875-A72E3E152DA1} = {018917DA-7D44-4134-B875-A72E3E152DA1}
	EndProjectSection
EndProject
Project("{9A19103F-16F7-4668-BE54-9A1E7A4F7556}") = "H.Containers.Tests", "H.Containers.Tests\H.Containers.Tests.csproj", "{415C6C0B-DA2B-4764-96A6-E9FB78918622}"
	ProjectSection(ProjectDependencies) = postProject
		{018917DA-7D44-4134-B875-A72E3E152DA1} = {018917DA-7D44-4134-B875-A72E3E152DA1}
	EndProjectSection
EndProject
Project("{9A19103F-16F7-4668-BE54-9A1E7A4F7556}") = "H.Containers.AppDomain", "H.Containers.AppDomain\H.Containers.AppDomain.csproj", "{3E03ECF3-923E-4365-9E49-BFB4FF84D54D}"
EndProject
Project("{9A19103F-16F7-4668-BE54-9A1E7A4F7556}") = "H.Containers.AssemblyLoadContext", "H.Containers.AssemblyLoadContext\H.Containers.AssemblyLoadContext.csproj", "{CADE9FEE-1845-4D16-AC8E-2877D4BA59AE}"
EndProject
Project("{9A19103F-16F7-4668-BE54-9A1E7A4F7556}") = "H.Containers.CurrentDomain", "H.Containers.CurrentDomain\H.Containers.CurrentDomain.csproj", "{1BC563D8-C2A1-44FC-8F28-40936A75A258}"
EndProject
Project("{9A19103F-16F7-4668-BE54-9A1E7A4F7556}") = "H.Containers", "H.Containers\H.Containers.csproj", "{12F12A93-BB63-4AA9-A334-B0CBEAD1F8B5}"
EndProject
Project("{2150E333-8FDC-42A3-9474-1A3956D46DE8}") = "Solution Items", "Solution Items", "{734FEE5A-7F81-48B3-AA79-71E5EF0EC26A}"
	ProjectSection(SolutionItems) = preProject
		.gitattributes = .gitattributes
		.gitignore = .gitignore
		.github\workflows\dotnetcore.yml = .github\workflows\dotnetcore.yml
	EndProjectSection
EndProject
Project("{9A19103F-16F7-4668-BE54-9A1E7A4F7556}") = "H.Utilities.ProxyFactory", "H.Utilities.ProxyFactory\H.Utilities.ProxyFactory.csproj", "{C488A318-7E19-437F-BD5D-8C7B05CDEB78}"
EndProject
Project("{9A19103F-16F7-4668-BE54-9A1E7A4F7556}") = "H.Utilities.ProxyFactory.Tests", "H.Utilities.ProxyFactory.Tests\H.Utilities.ProxyFactory.Tests.csproj", "{C5C92026-D9A7-416B-A3EB-A861C453A264}"
EndProject
Project("{9A19103F-16F7-4668-BE54-9A1E7A4F7556}") = "H.Utilities.PipeProxyFactory", "H.Utilities.PipeProxyFactory\H.Utilities.PipeProxyFactory.csproj", "{4C0A6617-CB57-4889-9330-8DEC4FF8F23A}"
EndProject
Project("{9A19103F-16F7-4668-BE54-9A1E7A4F7556}") = "H.Utilities.PipeProxyFactory.Tests", "H.Utilities.PipeProxyFactory.Tests\H.Utilities.PipeProxyFactory.Tests.csproj", "{7B88138F-6A2E-4687-9A4A-4C9035AC7352}"
EndProject
Project("{9A19103F-16F7-4668-BE54-9A1E7A4F7556}") = "H.Modules", "H.Modules\H.Modules.csproj", "{1748A7B0-AD2A-4E5D-A6CE-3F218BFB2279}"
EndProject
Project("{9A19103F-16F7-4668-BE54-9A1E7A4F7556}") = "H.Modules.Tests", "H.Modules.Tests\H.Modules.Tests.csproj", "{B5F7767A-F3F7-4AFF-A3EE-8AC4E14684DF}"
EndProject
Global
	GlobalSection(SolutionConfigurationPlatforms) = preSolution
		Debug|Any CPU = Debug|Any CPU
		Release|Any CPU = Release|Any CPU
	EndGlobalSection
	GlobalSection(ProjectConfigurationPlatforms) = postSolution
		{018917DA-7D44-4134-B875-A72E3E152DA1}.Debug|Any CPU.ActiveCfg = Debug|Any CPU
		{018917DA-7D44-4134-B875-A72E3E152DA1}.Debug|Any CPU.Build.0 = Debug|Any CPU
		{018917DA-7D44-4134-B875-A72E3E152DA1}.Release|Any CPU.ActiveCfg = Release|Any CPU
		{018917DA-7D44-4134-B875-A72E3E152DA1}.Release|Any CPU.Build.0 = Release|Any CPU
		{59525028-A3B1-455D-8C86-AD7D17662EE9}.Debug|Any CPU.ActiveCfg = Debug|Any CPU
		{59525028-A3B1-455D-8C86-AD7D17662EE9}.Debug|Any CPU.Build.0 = Debug|Any CPU
		{59525028-A3B1-455D-8C86-AD7D17662EE9}.Release|Any CPU.ActiveCfg = Release|Any CPU
		{59525028-A3B1-455D-8C86-AD7D17662EE9}.Release|Any CPU.Build.0 = Release|Any CPU
		{415C6C0B-DA2B-4764-96A6-E9FB78918622}.Debug|Any CPU.ActiveCfg = Debug|Any CPU
		{415C6C0B-DA2B-4764-96A6-E9FB78918622}.Debug|Any CPU.Build.0 = Debug|Any CPU
		{415C6C0B-DA2B-4764-96A6-E9FB78918622}.Release|Any CPU.ActiveCfg = Release|Any CPU
		{415C6C0B-DA2B-4764-96A6-E9FB78918622}.Release|Any CPU.Build.0 = Release|Any CPU
		{3E03ECF3-923E-4365-9E49-BFB4FF84D54D}.Debug|Any CPU.ActiveCfg = Debug|Any CPU
		{3E03ECF3-923E-4365-9E49-BFB4FF84D54D}.Debug|Any CPU.Build.0 = Debug|Any CPU
		{3E03ECF3-923E-4365-9E49-BFB4FF84D54D}.Release|Any CPU.ActiveCfg = Release|Any CPU
		{3E03ECF3-923E-4365-9E49-BFB4FF84D54D}.Release|Any CPU.Build.0 = Release|Any CPU
		{CADE9FEE-1845-4D16-AC8E-2877D4BA59AE}.Debug|Any CPU.ActiveCfg = Debug|Any CPU
		{CADE9FEE-1845-4D16-AC8E-2877D4BA59AE}.Debug|Any CPU.Build.0 = Debug|Any CPU
		{CADE9FEE-1845-4D16-AC8E-2877D4BA59AE}.Release|Any CPU.ActiveCfg = Release|Any CPU
		{CADE9FEE-1845-4D16-AC8E-2877D4BA59AE}.Release|Any CPU.Build.0 = Release|Any CPU
		{1BC563D8-C2A1-44FC-8F28-40936A75A258}.Debug|Any CPU.ActiveCfg = Debug|Any CPU
		{1BC563D8-C2A1-44FC-8F28-40936A75A258}.Debug|Any CPU.Build.0 = Debug|Any CPU
		{1BC563D8-C2A1-44FC-8F28-40936A75A258}.Release|Any CPU.ActiveCfg = Release|Any CPU
		{1BC563D8-C2A1-44FC-8F28-40936A75A258}.Release|Any CPU.Build.0 = Release|Any CPU
		{12F12A93-BB63-4AA9-A334-B0CBEAD1F8B5}.Debug|Any CPU.ActiveCfg = Debug|Any CPU
		{12F12A93-BB63-4AA9-A334-B0CBEAD1F8B5}.Debug|Any CPU.Build.0 = Debug|Any CPU
		{12F12A93-BB63-4AA9-A334-B0CBEAD1F8B5}.Release|Any CPU.ActiveCfg = Release|Any CPU
		{12F12A93-BB63-4AA9-A334-B0CBEAD1F8B5}.Release|Any CPU.Build.0 = Release|Any CPU
		{C488A318-7E19-437F-BD5D-8C7B05CDEB78}.Debug|Any CPU.ActiveCfg = Debug|Any CPU
		{C488A318-7E19-437F-BD5D-8C7B05CDEB78}.Debug|Any CPU.Build.0 = Debug|Any CPU
		{C488A318-7E19-437F-BD5D-8C7B05CDEB78}.Release|Any CPU.ActiveCfg = Release|Any CPU
		{C488A318-7E19-437F-BD5D-8C7B05CDEB78}.Release|Any CPU.Build.0 = Release|Any CPU
		{C5C92026-D9A7-416B-A3EB-A861C453A264}.Debug|Any CPU.ActiveCfg = Debug|Any CPU
		{C5C92026-D9A7-416B-A3EB-A861C453A264}.Debug|Any CPU.Build.0 = Debug|Any CPU
		{C5C92026-D9A7-416B-A3EB-A861C453A264}.Release|Any CPU.ActiveCfg = Release|Any CPU
		{C5C92026-D9A7-416B-A3EB-A861C453A264}.Release|Any CPU.Build.0 = Release|Any CPU
		{4C0A6617-CB57-4889-9330-8DEC4FF8F23A}.Debug|Any CPU.ActiveCfg = Debug|Any CPU
		{4C0A6617-CB57-4889-9330-8DEC4FF8F23A}.Debug|Any CPU.Build.0 = Debug|Any CPU
		{4C0A6617-CB57-4889-9330-8DEC4FF8F23A}.Release|Any CPU.ActiveCfg = Release|Any CPU
		{4C0A6617-CB57-4889-9330-8DEC4FF8F23A}.Release|Any CPU.Build.0 = Release|Any CPU
		{7B88138F-6A2E-4687-9A4A-4C9035AC7352}.Debug|Any CPU.ActiveCfg = Debug|Any CPU
		{7B88138F-6A2E-4687-9A4A-4C9035AC7352}.Debug|Any CPU.Build.0 = Debug|Any CPU
		{7B88138F-6A2E-4687-9A4A-4C9035AC7352}.Release|Any CPU.ActiveCfg = Release|Any CPU
		{7B88138F-6A2E-4687-9A4A-4C9035AC7352}.Release|Any CPU.Build.0 = Release|Any CPU
		{1748A7B0-AD2A-4E5D-A6CE-3F218BFB2279}.Debug|Any CPU.ActiveCfg = Debug|Any CPU
		{1748A7B0-AD2A-4E5D-A6CE-3F218BFB2279}.Debug|Any CPU.Build.0 = Debug|Any CPU
		{1748A7B0-AD2A-4E5D-A6CE-3F218BFB2279}.Release|Any CPU.ActiveCfg = Release|Any CPU
		{1748A7B0-AD2A-4E5D-A6CE-3F218BFB2279}.Release|Any CPU.Build.0 = Release|Any CPU
		{B5F7767A-F3F7-4AFF-A3EE-8AC4E14684DF}.Debug|Any CPU.ActiveCfg = Debug|Any CPU
		{B5F7767A-F3F7-4AFF-A3EE-8AC4E14684DF}.Debug|Any CPU.Build.0 = Debug|Any CPU
		{B5F7767A-F3F7-4AFF-A3EE-8AC4E14684DF}.Release|Any CPU.ActiveCfg = Release|Any CPU
		{B5F7767A-F3F7-4AFF-A3EE-8AC4E14684DF}.Release|Any CPU.Build.0 = Release|Any CPU
	EndGlobalSection
	GlobalSection(SolutionProperties) = preSolution
		HideSolutionNode = FALSE
	EndGlobalSection
	GlobalSection(ExtensibilityGlobals) = postSolution
		SolutionGuid = {B5AFFD8B-9B18-4C65-8962-F355CD55D617}
	EndGlobalSection
EndGlobal
